
Microsoft Visual Studio Solution File, Format Version 12.00
# Visual Studio Version 16
VisualStudioVersion = 16.0.33027.164
MinimumVisualStudioVersion = 10.0.40219.1
Project("{FAE04EC0-301F-11D3-BF4B-00C04F79EFBC}") = "ASPNETCoreExample", "ASPNETCoreExample\ASPNETCoreExample.csproj", "{5F2E86C1-1ABD-4338-AA1C-5AE14F9FB6D9}"
EndProject
Global
	GlobalSection(SolutionConfigurationPlatforms) = preSolution
		Debug|Any CPU = Debug|Any CPU
		Release|Any CPU = Release|Any CPU
	EndGlobalSection
	GlobalSection(ProjectConfigurationPlatforms) = postSolution
		{5F2E86C1-1ABD-4338-AA1C-5AE14F9FB6D9}.Debug|Any CPU.ActiveCfg = Debug|Any CPU
		{5F2E86C1-1ABD-4338-AA1C-5AE14F9FB6D9}.Debug|Any CPU.Build.0 = Debug|Any CPU
		{5F2E86C1-1ABD-4338-AA1C-5AE14F9FB6D9}.Release|Any CPU.ActiveCfg = Release|Any CPU
		{5F2E86C1-1ABD-4338-AA1C-5AE14F9FB6D9}.Release|Any CPU.Build.0 = Release|Any CPU
	EndGlobalSection
	GlobalSection(SolutionProperties) = preSolution
		HideSolutionNode = FALSE
	EndGlobalSection
	GlobalSection(ExtensibilityGlobals) = postSolution
		SolutionGuid = {A18B13FF-C0A1-4595-B9CE-608CB98B681B}
	EndGlobalSection
EndGlobal
